# Eval 06 — Rationale block must be present and substantive
# Category: rationale_block

id: eval-06-rationale-block
category: rationale_block
severity: high
description: |
  Reuses eval-01 happy-path scenario but targets the rationale block specifically.
  Per WI2 the rationale block is mandatory and must contain 9 sections + chat_summary
  + decisions with clause citations.

inputs:
  reuse_eval: "eval-01-uk-domestic-cu-tn-cs"

assertions:
  - kind: schema_valid
    schema: "db-layout-ir.schema.json"
  - kind: jsonpath_present
    path: "$.rationale.chat_summary"
  - kind: jsonpath_length_gte
    path: "$.rationale.chat_summary"
    minimum: 40
    maximum: 500
    note: "Per rationale schema constraint"
  - kind: jsonpath_count_gte
    path: "$.rationale.sections[*]"
    minimum: 9
    note: "9 sections per Step 13 of generator"
  - kind: jsonpath_all_present
    path: "$.rationale.sections[*].title"
  - kind: jsonpath_all_present
    path: "$.rationale.sections[*].summary"
  - kind: jsonpath_pattern_match
    path: "$.rationale.sections[*].decisions[*].code_clause"
    pattern: "^(BS 7671:2018\\+A3|IEC 60364-[0-9]+-[0-9]+|IEC 61439-[0-9]+|NEC 2023)"
    note: "Citations must use canonical format"
  - kind: jsonpath_count_gte
    path: "$.rationale.sections[?(@.title=='OCPD Selection')].decisions[*]"
    minimum: 1
    note: "OCPD Selection section must have at least one decision"

expected_status: "pass"
