name: eval-06-rationale-block
skill: fault-level
category: rationale_block
description: |
  Reuses eval-01 happy-path scenario. Per WI2 the rationale block is mandatory: 8 sections + chat_summary + decisions with IEC 60909 citations.

input:
  reuse_eval: "eval-01-uk-domestic-cu-cascade"

checks:
  - assertion: 'ir matches "fault-level-ir.schema.json"'
    description: Output validates against the fault-level IR schema
    severity: critical

  - assertion: 'ir.rationale.chat_summary != null'
    description: Rationale chat_summary must be present
    severity: warning

  - assertion: 'ir.rationale.chat_summary.length >= 40'
    description: chat_summary must be at least 40 characters (per rationale schema constraint)
    severity: warning

  - assertion: 'ir.rationale.chat_summary.length <= 500'
    description: chat_summary must be at most 500 characters (per rationale schema constraint)
    severity: warning

  - assertion: 'ir.rationale.sections.length >= 8'
    description: 8 sections per Step 14 of generator
    severity: warning

  - assertion: 'ir.rationale.sections[*].title not_contains null'
    description: Every section must have a non-null title
    severity: warning

  - assertion: 'ir.rationale.sections[*].summary not_contains null'
    description: Every section must have a non-null summary
    severity: warning

  - assertion: 'ir.rationale.sections[*].decisions[*].code_clause matches "^(IEC 60909-0:2016|BS 7671:2018\+A3|IEC 60364-[0-9]+-[0-9]+|NEC 2023)"'
    description: Citations must use canonical format
    severity: warning
